
Microsoft Visual Studio Solution File, Format Version 12.00
# Visual Studio Version 16
VisualStudioVersion = 16.0.30128.74
MinimumVisualStudioVersion = 10.0.40219.1
Project("{FAE04EC0-301F-11D3-BF4B-00C04F79EFBC}") = "NeuToDo.UWP", "NeuToDo.UWP\NeuToDo.UWP.csproj", "{3256A0AD-F6EE-4F99-A2FB-FFA0CED3662D}"
EndProject
Project("{FAE04EC0-301F-11D3-BF4B-00C04F79EFBC}") = "NeuToDo.Android", "NeuToDo.Android\NeuToDo.Android.csproj", "{F9086E48-F538-47DA-8CD0-DA020FC07C55}"
EndProject
Project("{9A19103F-16F7-4668-BE54-9A1E7A4F7556}") = "NeuToDo", "NeuToDo\NeuToDo.csproj", "{B89D840D-5C42-4028-9BCE-B5B39DF57B4E}"
EndProject
Project("{9A19103F-16F7-4668-BE54-9A1E7A4F7556}") = "NeuToDo.UnitTest", "NeuToDo.UnitTest\NeuToDo.UnitTest.csproj", "{4A9056AE-37FA-437E-9A6F-8EF8F5257D21}"
EndProject
Global
	GlobalSection(SolutionConfigurationPlatforms) = preSolution
		Debug|Any CPU = Debug|Any CPU
		Debug|ARM = Debug|ARM
		Debug|x64 = Debug|x64
		Debug|x86 = Debug|x86
		Release|Any CPU = Release|Any CPU
		Release|ARM = Release|ARM
		Release|x64 = Release|x64
		Release|x86 = Release|x86
	EndGlobalSection
	GlobalSection(ProjectConfigurationPlatforms) = postSolution
		{3256A0AD-F6EE-4F99-A2FB-FFA0CED3662D}.Debug|Any CPU.ActiveCfg = Debug|x86
		{3256A0AD-F6EE-4F99-A2FB-FFA0CED3662D}.Debug|Any CPU.Build.0 = Debug|x86
		{3256A0AD-F6EE-4F99-A2FB-FFA0CED3662D}.Debug|Any CPU.Deploy.0 = Debug|x86
		{3256A0AD-F6EE-4F99-A2FB-FFA0CED3662D}.Debug|ARM.ActiveCfg = Debug|ARM
		{3256A0AD-F6EE-4F99-A2FB-FFA0CED3662D}.Debug|ARM.Build.0 = Debug|ARM
		{3256A0AD-F6EE-4F99-A2FB-FFA0CED3662D}.Debug|ARM.Deploy.0 = Debug|ARM
		{3256A0AD-F6EE-4F99-A2FB-FFA0CED3662D}.Debug|x64.ActiveCfg = Debug|x64
		{3256A0AD-F6EE-4F99-A2FB-FFA0CED3662D}.Debug|x64.Build.0 = Debug|x64
		{3256A0AD-F6EE-4F99-A2FB-FFA0CED3662D}.Debug|x64.Deploy.0 = Debug|x64
		{3256A0AD-F6EE-4F99-A2FB-FFA0CED3662D}.Debug|x86.ActiveCfg = Debug|x86
		{3256A0AD-F6EE-4F99-A2FB-FFA0CED3662D}.Debug|x86.Build.0 = Debug|x86
		{3256A0AD-F6EE-4F99-A2FB-FFA0CED3662D}.Debug|x86.Deploy.0 = Debug|x86
		{3256A0AD-F6EE-4F99-A2FB-FFA0CED3662D}.Release|Any CPU.ActiveCfg = Release|x86
		{3256A0AD-F6EE-4F99-A2FB-FFA0CED3662D}.Release|Any CPU.Build.0 = Release|x86
		{3256A0AD-F6EE-4F99-A2FB-FFA0CED3662D}.Release|Any CPU.Deploy.0 = Release|x86
		{3256A0AD-F6EE-4F99-A2FB-FFA0CED3662D}.Release|ARM.ActiveCfg = Release|ARM
		{3256A0AD-F6EE-4F99-A2FB-FFA0CED3662D}.Release|ARM.Build.0 = Release|ARM
		{3256A0AD-F6EE-4F99-A2FB-FFA0CED3662D}.Release|ARM.Deploy.0 = Release|ARM
		{3256A0AD-F6EE-4F99-A2FB-FFA0CED3662D}.Release|x64.ActiveCfg = Release|x64
		{3256A0AD-F6EE-4F99-A2FB-FFA0CED3662D}.Release|x64.Build.0 = Release|x64
		{3256A0AD-F6EE-4F99-A2FB-FFA0CED3662D}.Release|x64.Deploy.0 = Release|x64
		{3256A0AD-F6EE-4F99-A2FB-FFA0CED3662D}.Release|x86.ActiveCfg = Release|x86
		{3256A0AD-F6EE-4F99-A2FB-FFA0CED3662D}.Release|x86.Build.0 = Release|x86
		{3256A0AD-F6EE-4F99-A2FB-FFA0CED3662D}.Release|x86.Deploy.0 = Release|x86
		{F9086E48-F538-47DA-8CD0-DA020FC07C55}.Debug|Any CPU.ActiveCfg = Debug|Any CPU
		{F9086E48-F538-47DA-8CD0-DA020FC07C55}.Debug|Any CPU.Build.0 = Debug|Any CPU
		{F9086E48-F538-47DA-8CD0-DA020FC07C55}.Debug|Any CPU.Deploy.0 = Debug|Any CPU
		{F9086E48-F538-47DA-8CD0-DA020FC07C55}.Debug|ARM.ActiveCfg = Debug|Any CPU
		{F9086E48-F538-47DA-8CD0-DA020FC07C55}.Debug|ARM.Build.0 = Debug|Any CPU
		{F9086E48-F538-47DA-8CD0-DA020FC07C55}.Debug|ARM.Deploy.0 = Debug|Any CPU
		{F9086E48-F538-47DA-8CD0-DA020FC07C55}.Debug|x64.ActiveCfg = Debug|Any CPU
		{F9086E48-F538-47DA-8CD0-DA020FC07C55}.Debug|x64.Build.0 = Debug|Any CPU
		{F9086E48-F538-47DA-8CD0-DA020FC07C55}.Debug|x64.Deploy.0 = Debug|Any CPU
		{F9086E48-F538-47DA-8CD0-DA020FC07C55}.Debug|x86.ActiveCfg = Debug|Any CPU
		{F9086E48-F538-47DA-8CD0-DA020FC07C55}.Debug|x86.Build.0 = Debug|Any CPU
		{F9086E48-F538-47DA-8CD0-DA020FC07C55}.Debug|x86.Deploy.0 = Debug|Any CPU
		{F9086E48-F538-47DA-8CD0-DA020FC07C55}.Release|Any CPU.ActiveCfg = Release|Any CPU
		{F9086E48-F538-47DA-8CD0-DA020FC07C55}.Release|Any CPU.Build.0 = Release|Any CPU
		{F9086E48-F538-47DA-8CD0-DA020FC07C55}.Release|Any CPU.Deploy.0 = Release|Any CPU
		{F9086E48-F538-47DA-8CD0-DA020FC07C55}.Release|ARM.ActiveCfg = Release|Any CPU
		{F9086E48-F538-47DA-8CD0-DA020FC07C55}.Release|ARM.Build.0 = Release|Any CPU
		{F9086E48-F538-47DA-8CD0-DA020FC07C55}.Release|ARM.Deploy.0 = Release|Any CPU
		{F9086E48-F538-47DA-8CD0-DA020FC07C55}.Release|x64.ActiveCfg = Release|Any CPU
		{F9086E48-F538-47DA-8CD0-DA020FC07C55}.Release|x64.Build.0 = Release|Any CPU
		{F9086E48-F538-47DA-8CD0-DA020FC07C55}.Release|x64.Deploy.0 = Release|Any CPU
		{F9086E48-F538-47DA-8CD0-DA020FC07C55}.Release|x86.ActiveCfg = Release|Any CPU
		{F9086E48-F538-47DA-8CD0-DA020FC07C55}.Release|x86.Build.0 = Release|Any CPU
		{F9086E48-F538-47DA-8CD0-DA020FC07C55}.Release|x86.Deploy.0 = Release|Any CPU
		{B89D840D-5C42-4028-9BCE-B5B39DF57B4E}.Debug|Any CPU.ActiveCfg = Debug|Any CPU
		{B89D840D-5C42-4028-9BCE-B5B39DF57B4E}.Debug|Any CPU.Build.0 = Debug|Any CPU
		{B89D840D-5C42-4028-9BCE-B5B39DF57B4E}.Debug|Any CPU.Deploy.0 = Debug|Any CPU
		{B89D840D-5C42-4028-9BCE-B5B39DF57B4E}.Debug|ARM.ActiveCfg = Debug|Any CPU
		{B89D840D-5C42-4028-9BCE-B5B39DF57B4E}.Debug|ARM.Build.0 = Debug|Any CPU
		{B89D840D-5C42-4028-9BCE-B5B39DF57B4E}.Debug|ARM.Deploy.0 = Debug|Any CPU
		{B89D840D-5C42-4028-9BCE-B5B39DF57B4E}.Debug|x64.ActiveCfg = Debug|Any CPU
		{B89D840D-5C42-4028-9BCE-B5B39DF57B4E}.Debug|x64.Build.0 = Debug|Any CPU
		{B89D840D-5C42-4028-9BCE-B5B39DF57B4E}.Debug|x64.Deploy.0 = Debug|Any CPU
		{B89D840D-5C42-4028-9BCE-B5B39DF57B4E}.Debug|x86.ActiveCfg = Debug|Any CPU
		{B89D840D-5C42-4028-9BCE-B5B39DF57B4E}.Debug|x86.Build.0 = Debug|Any CPU
		{B89D840D-5C42-4028-9BCE-B5B39DF57B4E}.Debug|x86.Deploy.0 = Debug|Any CPU
		{B89D840D-5C42-4028-9BCE-B5B39DF57B4E}.Release|Any CPU.ActiveCfg = Release|Any CPU
		{B89D840D-5C42-4028-9BCE-B5B39DF57B4E}.Release|Any CPU.Build.0 = Release|Any CPU
		{B89D840D-5C42-4028-9BCE-B5B39DF57B4E}.Release|Any CPU.Deploy.0 = Release|Any CPU
		{B89D840D-5C42-4028-9BCE-B5B39DF57B4E}.Release|ARM.ActiveCfg = Release|Any CPU
		{B89D840D-5C42-4028-9BCE-B5B39DF57B4E}.Release|ARM.Build.0 = Release|Any CPU
		{B89D840D-5C42-4028-9BCE-B5B39DF57B4E}.Release|ARM.Deploy.0 = Release|Any CPU
		{B89D840D-5C42-4028-9BCE-B5B39DF57B4E}.Release|x64.ActiveCfg = Release|Any CPU
		{B89D840D-5C42-4028-9BCE-B5B39DF57B4E}.Release|x64.Build.0 = Release|Any CPU
		{B89D840D-5C42-4028-9BCE-B5B39DF57B4E}.Release|x64.Deploy.0 = Release|Any CPU
		{B89D840D-5C42-4028-9BCE-B5B39DF57B4E}.Release|x86.ActiveCfg = Release|Any CPU
		{B89D840D-5C42-4028-9BCE-B5B39DF57B4E}.Release|x86.Build.0 = Release|Any CPU
		{B89D840D-5C42-4028-9BCE-B5B39DF57B4E}.Release|x86.Deploy.0 = Release|Any CPU
		{4A9056AE-37FA-437E-9A6F-8EF8F5257D21}.Debug|Any CPU.ActiveCfg = Debug|Any CPU
		{4A9056AE-37FA-437E-9A6F-8EF8F5257D21}.Debug|Any CPU.Build.0 = Debug|Any CPU
		{4A9056AE-37FA-437E-9A6F-8EF8F5257D21}.Debug|ARM.ActiveCfg = Debug|Any CPU
		{4A9056AE-37FA-437E-9A6F-8EF8F5257D21}.Debug|ARM.Build.0 = Debug|Any CPU
		{4A9056AE-37FA-437E-9A6F-8EF8F5257D21}.Debug|x64.ActiveCfg = Debug|Any CPU
		{4A9056AE-37FA-437E-9A6F-8EF8F5257D21}.Debug|x64.Build.0 = Debug|Any CPU
		{4A9056AE-37FA-437E-9A6F-8EF8F5257D21}.Debug|x86.ActiveCfg = Debug|Any CPU
		{4A9056AE-37FA-437E-9A6F-8EF8F5257D21}.Debug|x86.Build.0 = Debug|Any CPU
		{4A9056AE-37FA-437E-9A6F-8EF8F5257D21}.Release|Any CPU.ActiveCfg = Release|Any CPU
		{4A9056AE-37FA-437E-9A6F-8EF8F5257D21}.Release|Any CPU.Build.0 = Release|Any CPU
		{4A9056AE-37FA-437E-9A6F-8EF8F5257D21}.Release|ARM.ActiveCfg = Release|Any CPU
		{4A9056AE-37FA-437E-9A6F-8EF8F5257D21}.Release|ARM.Build.0 = Release|Any CPU
		{4A9056AE-37FA-437E-9A6F-8EF8F5257D21}.Release|x64.ActiveCfg = Release|Any CPU
		{4A9056AE-37FA-437E-9A6F-8EF8F5257D21}.Release|x64.Build.0 = Release|Any CPU
		{4A9056AE-37FA-437E-9A6F-8EF8F5257D21}.Release|x86.ActiveCfg = Release|Any CPU
		{4A9056AE-37FA-437E-9A6F-8EF8F5257D21}.Release|x86.Build.0 = Release|Any CPU
	EndGlobalSection
	GlobalSection(SolutionProperties) = preSolution
		HideSolutionNode = FALSE
	EndGlobalSection
	GlobalSection(ExtensibilityGlobals) = postSolution
		SolutionGuid = {F7BD6744-252E-4C17-8B3A-AD27BA32F861}
	EndGlobalSection
EndGlobal
